// !$*UTF8*$!
{
	archiveVersion = 1;
	classes = {
	};
	objectVersion = 52;
	objects = {

/* Begin PBXBuildFile section */
		BA1AEC872366068200360092 /* JGProgressHUD in Frameworks */ = {isa = PBXBuildFile; productRef = BA1AEC862366068200360092 /* JGProgressHUD */; };
		BA28D1F22326769D00481DC5 /* FavoritesModel.xcdatamodeld in Sources */ = {isa = PBXBuildFile; fileRef = BA28D1F02326769D00481DC5 /* FavoritesModel.xcdatamodeld */; };
		BA5ED23D23134127007536F2 /* FutureCell.swift in Sources */ = {isa = PBXBuildFile; fileRef = BA5ED23B23134127007536F2 /* FutureCell.swift */; };
		BA5ED23E23134127007536F2 /* FutureCell.xib in Resources */ = {isa = PBXBuildFile; fileRef = BA5ED23C23134127007536F2 /* FutureCell.xib */; };
		BA6C651C2311C461009F41E1 /* Demo in Resources */ = {isa = PBXBuildFile; fileRef = BA6C651B2311C461009F41E1 /* Demo */; };
		BA6C651E2311C476009F41E1 /* README.md in Resources */ = {isa = PBXBuildFile; fileRef = BA6C651D2311C476009F41E1 /* README.md */; };
		BA6CE16923660194004BB068 /* SwiftSky in Frameworks */ = {isa = PBXBuildFile; productRef = BA6CE16823660194004BB068 /* SwiftSky */; };
		BA6CE16F236603D7004BB068 /* Alamofire in Frameworks */ = {isa = PBXBuildFile; productRef = BA6CE16E236603D7004BB068 /* Alamofire */; };
		BA958F27231011F600985D80 /* AppDelegate.swift in Sources */ = {isa = PBXBuildFile; fileRef = BA958F26231011F600985D80 /* AppDelegate.swift */; };
		BA958F29231011F600985D80 /* NowViewController.swift in Sources */ = {isa = PBXBuildFile; fileRef = BA958F28231011F600985D80 /* NowViewController.swift */; };
		BA958F2C231011F600985D80 /* Main.storyboard in Resources */ = {isa = PBXBuildFile; fileRef = BA958F2A231011F600985D80 /* Main.storyboard */; };
		BA958F2E231011F800985D80 /* Assets.xcassets in Resources */ = {isa = PBXBuildFile; fileRef = BA958F2D231011F800985D80 /* Assets.xcassets */; };
		BA958F31231011F800985D80 /* LaunchScreen.storyboard in Resources */ = {isa = PBXBuildFile; fileRef = BA958F2F231011F800985D80 /* LaunchScreen.storyboard */; };
		BAB57C252315B757002C6DE2 /* NowCell.swift in Sources */ = {isa = PBXBuildFile; fileRef = BAB57C232315B757002C6DE2 /* NowCell.swift */; };
		BAB57C262315B757002C6DE2 /* NowCell.xib in Resources */ = {isa = PBXBuildFile; fileRef = BAB57C242315B757002C6DE2 /* NowCell.xib */; };
		BACE45A1231D4F0D003EA24F /* FavoritesViewController.swift in Sources */ = {isa = PBXBuildFile; fileRef = BACE45A0231D4F0D003EA24F /* FavoritesViewController.swift */; };
		BADF86FC23119B3F00785403 /* FutureTableViewController.swift in Sources */ = {isa = PBXBuildFile; fileRef = BADF86FB23119B3F00785403 /* FutureTableViewController.swift */; };
		BADF86FE23119F4600785403 /* PastViewController.swift in Sources */ = {isa = PBXBuildFile; fileRef = BADF86FD23119F4600785403 /* PastViewController.swift */; };
		BADF87032311A4E600785403 /* WeatherDataModel.swift in Sources */ = {isa = PBXBuildFile; fileRef = BADF87022311A4E600785403 /* WeatherDataModel.swift */; };
		BAE8051D2348F6AD0072F456 /* Secrets.swift in Sources */ = {isa = PBXBuildFile; fileRef = BAE8051C2348F6AD0072F456 /* Secrets.swift */; };
		BAE8051F2348F6B90072F456 /* Secrets.plist in Resources */ = {isa = PBXBuildFile; fileRef = BAE8051E2348F6B90072F456 /* Secrets.plist */; };
/* End PBXBuildFile section */

/* Begin PBXFileReference section */
		BA28D1F12326769D00481DC5 /* FavoritesModel.xcdatamodel */ = {isa = PBXFileReference; lastKnownFileType = wrapper.xcdatamodel; path = FavoritesModel.xcdatamodel; sourceTree = "<group>"; };
		BA5ED23B23134127007536F2 /* FutureCell.swift */ = {isa = PBXFileReference; lastKnownFileType = sourcecode.swift; path = FutureCell.swift; sourceTree = "<group>"; };
		BA5ED23C23134127007536F2 /* FutureCell.xib */ = {isa = PBXFileReference; lastKnownFileType = file.xib; path = FutureCell.xib; sourceTree = "<group>"; };
		BA6C651B2311C461009F41E1 /* Demo */ = {isa = PBXFileReference; lastKnownFileType = folder; path = Demo; sourceTree = "<group>"; };
		BA6C651D2311C476009F41E1 /* README.md */ = {isa = PBXFileReference; fileEncoding = 4; lastKnownFileType = net.daringfireball.markdown; path = README.md; sourceTree = "<group>"; };
		BA958F23231011F600985D80 /* Weatherly.app */ = {isa = PBXFileReference; explicitFileType = wrapper.application; includeInIndex = 0; path = Weatherly.app; sourceTree = BUILT_PRODUCTS_DIR; };
		BA958F26231011F600985D80 /* AppDelegate.swift */ = {isa = PBXFileReference; lastKnownFileType = sourcecode.swift; path = AppDelegate.swift; sourceTree = "<group>"; };
		BA958F28231011F600985D80 /* NowViewController.swift */ = {isa = PBXFileReference; lastKnownFileType = sourcecode.swift; path = NowViewController.swift; sourceTree = "<group>"; };
		BA958F2B231011F600985D80 /* Base */ = {isa = PBXFileReference; lastKnownFileType = file.storyboard; name = Base; path = Base.lproj/Main.storyboard; sourceTree = "<group>"; };
		BA958F2D231011F800985D80 /* Assets.xcassets */ = {isa = PBXFileReference; lastKnownFileType = folder.assetcatalog; path = Assets.xcassets; sourceTree = "<group>"; };
		BA958F30231011F800985D80 /* Base */ = {isa = PBXFileReference; lastKnownFileType = file.storyboard; name = Base; path = Base.lproj/LaunchScreen.storyboard; sourceTree = "<group>"; };
		BA958F32231011F800985D80 /* Info.plist */ = {isa = PBXFileReference; lastKnownFileType = text.plist.xml; path = Info.plist; sourceTree = "<group>"; };
		BAB57C232315B757002C6DE2 /* NowCell.swift */ = {isa = PBXFileReference; lastKnownFileType = sourcecode.swift; path = NowCell.swift; sourceTree = "<group>"; };
		BAB57C242315B757002C6DE2 /* NowCell.xib */ = {isa = PBXFileReference; lastKnownFileType = file.xib; path = NowCell.xib; sourceTree = "<group>"; };
		BACE45A0231D4F0D003EA24F /* FavoritesViewController.swift */ = {isa = PBXFileReference; lastKnownFileType = sourcecode.swift; path = FavoritesViewController.swift; sourceTree = "<group>"; };
		BADF86FB23119B3F00785403 /* FutureTableViewController.swift */ = {isa = PBXFileReference; lastKnownFileType = sourcecode.swift; path = FutureTableViewController.swift; sourceTree = "<group>"; };
		BADF86FD23119F4600785403 /* PastViewController.swift */ = {isa = PBXFileReference; lastKnownFileType = sourcecode.swift; path = PastViewController.swift; sourceTree = "<group>"; };
		BADF87022311A4E600785403 /* WeatherDataModel.swift */ = {isa = PBXFileReference; lastKnownFileType = sourcecode.swift; path = WeatherDataModel.swift; sourceTree = "<group>"; };
		BAE8051C2348F6AD0072F456 /* Secrets.swift */ = {isa = PBXFileReference; lastKnownFileType = sourcecode.swift; path = Secrets.swift; sourceTree = "<group>"; };
		BAE8051E2348F6B90072F456 /* Secrets.plist */ = {isa = PBXFileReference; lastKnownFileType = text.plist.xml; path = Secrets.plist; sourceTree = "<group>"; };
/* End PBXFileReference section */

/* Begin PBXFrameworksBuildPhase section */
		BA958F20231011F600985D80 /* Frameworks */ = {
			isa = PBXFrameworksBuildPhase;
			buildActionMask = 2147483647;
			files = (
				BA6CE16F236603D7004BB068 /* Alamofire in Frameworks */,
				BA1AEC872366068200360092 /* JGProgressHUD in Frameworks */,
				BA6CE16923660194004BB068 /* SwiftSky in Frameworks */,
			);
			runOnlyForDeploymentPostprocessing = 0;
		};
/* End PBXFrameworksBuildPhase section */

/* Begin PBXGroup section */
		BA5ED23A231340E8007536F2 /* FutureCell */ = {
			isa = PBXGroup;
			children = (
				BA5ED23B23134127007536F2 /* FutureCell.swift */,
				BA5ED23C23134127007536F2 /* FutureCell.xib */,
			);
			path = FutureCell;
			sourceTree = "<group>";
		};
		BA958F1A231011F600985D80 = {
			isa = PBXGroup;
			children = (
				BA6C651D2311C476009F41E1 /* README.md */,
				BA6C651B2311C461009F41E1 /* Demo */,
				BA958F25231011F600985D80 /* Weatherly */,
				BA958F24231011F600985D80 /* Products */,
			);
			sourceTree = "<group>";
		};
		BA958F24231011F600985D80 /* Products */ = {
			isa = PBXGroup;
			children = (
				BA958F23231011F600985D80 /* Weatherly.app */,
			);
			name = Products;
			sourceTree = "<group>";
		};
		BA958F25231011F600985D80 /* Weatherly */ = {
			isa = PBXGroup;
			children = (
				BA958F26231011F600985D80 /* AppDelegate.swift */,
				BADF87042311A4EA00785403 /* Model */,
				BADF870023119F8600785403 /* View */,
				BADF86FF23119F7200785403 /* Controller */,
				BADF870123119F9A00785403 /* SupportingFiles */,
				BA958F32231011F800985D80 /* Info.plist */,
				BAE805202348F7930072F456 /* Secrets */,
			);
			path = Weatherly;
			sourceTree = "<group>";
		};
		BAB57C222315B739002C6DE2 /* NowCell */ = {
			isa = PBXGroup;
			children = (
				BAB57C232315B757002C6DE2 /* NowCell.swift */,
				BAB57C242315B757002C6DE2 /* NowCell.xib */,
			);
			path = NowCell;
			sourceTree = "<group>";
		};
		BADF86FF23119F7200785403 /* Controller */ = {
			isa = PBXGroup;
			children = (
				BADF86FD23119F4600785403 /* PastViewController.swift */,
				BA958F28231011F600985D80 /* NowViewController.swift */,
				BADF86FB23119B3F00785403 /* FutureTableViewController.swift */,
				BACE45A0231D4F0D003EA24F /* FavoritesViewController.swift */,
			);
			path = Controller;
			sourceTree = "<group>";
		};
		BADF870023119F8600785403 /* View */ = {
			isa = PBXGroup;
			children = (
				BAB57C222315B739002C6DE2 /* NowCell */,
				BA5ED23A231340E8007536F2 /* FutureCell */,
				BA958F2A231011F600985D80 /* Main.storyboard */,
			);
			path = View;
			sourceTree = "<group>";
		};
		BADF870123119F9A00785403 /* SupportingFiles */ = {
			isa = PBXGroup;
			children = (
				BA958F2D231011F800985D80 /* Assets.xcassets */,
				BA958F2F231011F800985D80 /* LaunchScreen.storyboard */,
			);
			path = SupportingFiles;
			sourceTree = "<group>";
		};
		BADF87042311A4EA00785403 /* Model */ = {
			isa = PBXGroup;
			children = (
				BADF87022311A4E600785403 /* WeatherDataModel.swift */,
				BA28D1F02326769D00481DC5 /* FavoritesModel.xcdatamodeld */,
			);
			path = Model;
			sourceTree = "<group>";
		};
		BAE805202348F7930072F456 /* Secrets */ = {
			isa = PBXGroup;
			children = (
				BAE8051C2348F6AD0072F456 /* Secrets.swift */,
				BAE8051E2348F6B90072F456 /* Secrets.plist */,
			);
			path = Secrets;
			sourceTree = "<group>";
		};
/* End PBXGroup section */

/* Begin PBXNativeTarget section */
		BA958F22231011F600985D80 /* Weatherly */ = {
			isa = PBXNativeTarget;
			buildConfigurationList = BA958F35231011F800985D80 /* Build configuration list for PBXNativeTarget "Weatherly" */;
			buildPhases = (
				BA958F1F231011F600985D80 /* Sources */,
				BA958F20231011F600985D80 /* Frameworks */,
				BA958F21231011F600985D80 /* Resources */,
			);
			buildRules = (
			);
			dependencies = (
			);
			name = Weatherly;
			packageProductDependencies = (
				BA6CE16823660194004BB068 /* SwiftSky */,
				BA6CE16E236603D7004BB068 /* Alamofire */,
				BA1AEC862366068200360092 /* JGProgressHUD */,
			);
			productName = Weatherly;
			productReference = BA958F23231011F600985D80 /* Weatherly.app */;
			productType = "com.apple.product-type.application";
		};
/* End PBXNativeTarget section */

/* Begin PBXProject section */
		BA958F1B231011F600985D80 /* Project object */ = {
			isa = PBXProject;
			attributes = {
				LastSwiftUpdateCheck = 1030;
				LastUpgradeCheck = 1030;
				ORGANIZATIONNAME = vandermesis;
				TargetAttributes = {
					BA958F22231011F600985D80 = {
						CreatedOnToolsVersion = 10.3;
					};
				};
			};
			buildConfigurationList = BA958F1E231011F600985D80 /* Build configuration list for PBXProject "Weatherly" */;
			compatibilityVersion = "Xcode 9.3";
			developmentRegion = en;
			hasScannedForEncodings = 0;
			knownRegions = (
				en,
				Base,
			);
			mainGroup = BA958F1A231011F600985D80;
			packageReferences = (
				BA6CE16723660194004BB068 /* XCRemoteSwiftPackageReference "SwiftSky" */,
				BA6CE16D236603D7004BB068 /* XCRemoteSwiftPackageReference "Alamofire" */,
				BA1AEC852366068200360092 /* XCRemoteSwiftPackageReference "JGProgressHUD" */,
			);
			productRefGroup = BA958F24231011F600985D80 /* Products */;
			projectDirPath = "";
			projectRoot = "";
			targets = (
				BA958F22231011F600985D80 /* Weatherly */,
			);
		};
/* End PBXProject section */

/* Begin PBXResourcesBuildPhase section */
		BA958F21231011F600985D80 /* Resources */ = {
			isa = PBXResourcesBuildPhase;
			buildActionMask = 2147483647;
			files = (
				BAE8051F2348F6B90072F456 /* Secrets.plist in Resources */,
				BA958F31231011F800985D80 /* LaunchScreen.storyboard in Resources */,
				BAB57C262315B757002C6DE2 /* NowCell.xib in Resources */,
				BA6C651C2311C461009F41E1 /* Demo in Resources */,
				BA6C651E2311C476009F41E1 /* README.md in Resources */,
				BA958F2E231011F800985D80 /* Assets.xcassets in Resources */,
				BA5ED23E23134127007536F2 /* FutureCell.xib in Resources */,
				BA958F2C231011F600985D80 /* Main.storyboard in Resources */,
			);
			runOnlyForDeploymentPostprocessing = 0;
		};
/* End PBXResourcesBuildPhase section */

/* Begin PBXSourcesBuildPhase section */
		BA958F1F231011F600985D80 /* Sources */ = {
			isa = PBXSourcesBuildPhase;
			buildActionMask = 2147483647;
			files = (
				BA5ED23D23134127007536F2 /* FutureCell.swift in Sources */,
				BACE45A1231D4F0D003EA24F /* FavoritesViewController.swift in Sources */,
				BA958F29231011F600985D80 /* NowViewController.swift in Sources */,
				BADF87032311A4E600785403 /* WeatherDataModel.swift in Sources */,
				BA958F27231011F600985D80 /* AppDelegate.swift in Sources */,
				BA28D1F22326769D00481DC5 /* FavoritesModel.xcdatamodeld in Sources */,
				BAB57C252315B757002C6DE2 /* NowCell.swift in Sources */,
				BADF86FE23119F4600785403 /* PastViewController.swift in Sources */,
				BADF86FC23119B3F00785403 /* FutureTableViewController.swift in Sources */,
				BAE8051D2348F6AD0072F456 /* Secrets.swift in Sources */,
			);
			runOnlyForDeploymentPostprocessing = 0;
		};
/* End PBXSourcesBuildPhase section */

/* Begin PBXVariantGroup section */
		BA958F2A231011F600985D80 /* Main.storyboard */ = {
			isa = PBXVariantGroup;
			children = (
				BA958F2B231011F600985D80 /* Base */,
			);
			name = Main.storyboard;
			sourceTree = "<group>";
		};
		BA958F2F231011F800985D80 /* LaunchScreen.storyboard */ = {
			isa = PBXVariantGroup;
			children = (
				BA958F30231011F800985D80 /* Base */,
			);
			name = LaunchScreen.storyboard;
			sourceTree = "<group>";
		};
/* End PBXVariantGroup section */

/* Begin XCBuildConfiguration section */
		BA958F33231011F800985D80 /* Debug */ = {
			isa = XCBuildConfiguration;
			buildSettings = {
				ALWAYS_SEARCH_USER_PATHS = NO;
				CLANG_ANALYZER_NONNULL = YES;
				CLANG_ANALYZER_NUMBER_OBJECT_CONVERSION = YES_AGGRESSIVE;
				CLANG_CXX_LANGUAGE_STANDARD = "gnu++14";
				CLANG_CXX_LIBRARY = "libc++";
				CLANG_ENABLE_MODULES = YES;
				CLANG_ENABLE_OBJC_ARC = YES;
				CLANG_ENABLE_OBJC_WEAK = YES;
				CLANG_WARN_BLOCK_CAPTURE_AUTORELEASING = YES;
				CLANG_WARN_BOOL_CONVERSION = YES;
				CLANG_WARN_COMMA = YES;
				CLANG_WARN_CONSTANT_CONVERSION = YES;
				CLANG_WARN_DEPRECATED_OBJC_IMPLEMENTATIONS = YES;
				CLANG_WARN_DIRECT_OBJC_ISA_USAGE = YES_ERROR;
				CLANG_WARN_DOCUMENTATION_COMMENTS = YES;
				CLANG_WARN_EMPTY_BODY = YES;
				CLANG_WARN_ENUM_CONVERSION = YES;
				CLANG_WARN_INFINITE_RECURSION = YES;
				CLANG_WARN_INT_CONVERSION = YES;
				CLANG_WARN_NON_LITERAL_NULL_CONVERSION = YES;
				CLANG_WARN_OBJC_IMPLICIT_RETAIN_SELF = YES;
				CLANG_WARN_OBJC_LITERAL_CONVERSION = YES;
				CLANG_WARN_OBJC_ROOT_CLASS = YES_ERROR;
				CLANG_WARN_RANGE_LOOP_ANALYSIS = YES;
				CLANG_WARN_STRICT_PROTOTYPES = YES;
				CLANG_WARN_SUSPICIOUS_MOVE = YES;
				CLANG_WARN_UNGUARDED_AVAILABILITY = YES_AGGRESSIVE;
				CLANG_WARN_UNREACHABLE_CODE = YES;
				CLANG_WARN__DUPLICATE_METHOD_MATCH = YES;
				CODE_SIGN_IDENTITY = "iPhone Developer";
				COPY_PHASE_STRIP = NO;
				DEBUG_INFORMATION_FORMAT = dwarf;
				ENABLE_STRICT_OBJC_MSGSEND = YES;
				ENABLE_TESTABILITY = YES;
				GCC_C_LANGUAGE_STANDARD = gnu11;
				GCC_DYNAMIC_NO_PIC = NO;
				GCC_NO_COMMON_BLOCKS = YES;
				GCC_OPTIMIZATION_LEVEL = 0;
				GCC_PREPROCESSOR_DEFINITIONS = (
					"DEBUG=1",
					"$(inherited)",
				);
				GCC_WARN_64_TO_32_BIT_CONVERSION = YES;
				GCC_WARN_ABOUT_RETURN_TYPE = YES_ERROR;
				GCC_WARN_UNDECLARED_SELECTOR = YES;
				GCC_WARN_UNINITIALIZED_AUTOS = YES_AGGRESSIVE;
				GCC_WARN_UNUSED_FUNCTION = YES;
				GCC_WARN_UNUSED_VARIABLE = YES;
				IPHONEOS_DEPLOYMENT_TARGET = 13.1;
				MTL_ENABLE_DEBUG_INFO = INCLUDE_SOURCE;
				MTL_FAST_MATH = YES;
				ONLY_ACTIVE_ARCH = YES;
				SDKROOT = iphoneos;
				SWIFT_ACTIVE_COMPILATION_CONDITIONS = DEBUG;
				SWIFT_OPTIMIZATION_LEVEL = "-Onone";
			};
			name = Debug;
		};
		BA958F34231011F800985D80 /* Release */ = {
			isa = XCBuildConfiguration;
			buildSettings = {
				ALWAYS_SEARCH_USER_PATHS = NO;
				CLANG_ANALYZER_NONNULL = YES;
				CLANG_ANALYZER_NUMBER_OBJECT_CONVERSION = YES_AGGRESSIVE;
				CLANG_CXX_LANGUAGE_STANDARD = "gnu++14";
				CLANG_CXX_LIBRARY = "libc++";
				CLANG_ENABLE_MODULES = YES;
				CLANG_ENABLE_OBJC_ARC = YES;
				CLANG_ENABLE_OBJC_WEAK = YES;
				CLANG_WARN_BLOCK_CAPTURE_AUTORELEASING = YES;
				CLANG_WARN_BOOL_CONVERSION = YES;
				CLANG_WARN_COMMA = YES;
				CLANG_WARN_CONSTANT_CONVERSION = YES;
				CLANG_WARN_DEPRECATED_OBJC_IMPLEMENTATIONS = YES;
				CLANG_WARN_DIRECT_OBJC_ISA_USAGE = YES_ERROR;
				CLANG_WARN_DOCUMENTATION_COMMENTS = YES;
				CLANG_WARN_EMPTY_BODY = YES;
				CLANG_WARN_ENUM_CONVERSION = YES;
				CLANG_WARN_INFINITE_RECURSION = YES;
				CLANG_WARN_INT_CONVERSION = YES;
				CLANG_WARN_NON_LITERAL_NULL_CONVERSION = YES;
				CLANG_WARN_OBJC_IMPLICIT_RETAIN_SELF = YES;
				CLANG_WARN_OBJC_LITERAL_CONVERSION = YES;
				CLANG_WARN_OBJC_ROOT_CLASS = YES_ERROR;
				CLANG_WARN_RANGE_LOOP_ANALYSIS = YES;
				CLANG_WARN_STRICT_PROTOTYPES = YES;
				CLANG_WARN_SUSPICIOUS_MOVE = YES;
				CLANG_WARN_UNGUARDED_AVAILABILITY = YES_AGGRESSIVE;
				CLANG_WARN_UNREACHABLE_CODE = YES;
				CLANG_WARN__DUPLICATE_METHOD_MATCH = YES;
				CODE_SIGN_IDENTITY = "iPhone Developer";
				COPY_PHASE_STRIP = NO;
				DEBUG_INFORMATION_FORMAT = "dwarf-with-dsym";
				ENABLE_NS_ASSERTIONS = NO;
				ENABLE_STRICT_OBJC_MSGSEND = YES;
				GCC_C_LANGUAGE_STANDARD = gnu11;
				GCC_NO_COMMON_BLOCKS = YES;
				GCC_WARN_64_TO_32_BIT_CONVERSION = YES;
				GCC_WARN_ABOUT_RETURN_TYPE = YES_ERROR;
				GCC_WARN_UNDECLARED_SELECTOR = YES;
				GCC_WARN_UNINITIALIZED_AUTOS = YES_AGGRESSIVE;
				GCC_WARN_UNUSED_FUNCTION = YES;
				GCC_WARN_UNUSED_VARIABLE = YES;
				IPHONEOS_DEPLOYMENT_TARGET = 13.1;
				MTL_ENABLE_DEBUG_INFO = NO;
				MTL_FAST_MATH = YES;
				SDKROOT = iphoneos;
				SWIFT_COMPILATION_MODE = wholemodule;
				SWIFT_OPTIMIZATION_LEVEL = "-O";
				VALIDATE_PRODUCT = YES;
			};
			name = Release;
		};
		BA958F36231011F800985D80 /* Debug */ = {
			isa = XCBuildConfiguration;
			buildSettings = {
				ASSETCATALOG_COMPILER_APPICON_NAME = AppIcon;
				CODE_SIGN_STYLE = Automatic;
				DEVELOPMENT_TEAM = 6H3JCHA3QJ;
				INFOPLIST_FILE = Weatherly/Info.plist;
				LD_RUNPATH_SEARCH_PATHS = (
					"$(inherited)",
					"@executable_path/Frameworks",
				);
				PRODUCT_BUNDLE_IDENTIFIER = com.vandermesis.Weatherly;
				PRODUCT_NAME = "$(TARGET_NAME)";
				SWIFT_VERSION = 5.0;
				TARGETED_DEVICE_FAMILY = 1;
			};
			name = Debug;
		};
		BA958F37231011F800985D80 /* Release */ = {
			isa = XCBuildConfiguration;
			buildSettings = {
				ASSETCATALOG_COMPILER_APPICON_NAME = AppIcon;
				CODE_SIGN_STYLE = Automatic;
				DEVELOPMENT_TEAM = 6H3JCHA3QJ;
				INFOPLIST_FILE = Weatherly/Info.plist;
				LD_RUNPATH_SEARCH_PATHS = (
					"$(inherited)",
					"@executable_path/Frameworks",
				);
				PRODUCT_BUNDLE_IDENTIFIER = com.vandermesis.Weatherly;
				PRODUCT_NAME = "$(TARGET_NAME)";
				SWIFT_VERSION = 5.0;
				TARGETED_DEVICE_FAMILY = 1;
			};
			name = Release;
		};
/* End XCBuildConfiguration section */

/* Begin XCConfigurationList section */
		BA958F1E231011F600985D80 /* Build configuration list for PBXProject "Weatherly" */ = {
			isa = XCConfigurationList;
			buildConfigurations = (
				BA958F33231011F800985D80 /* Debug */,
				BA958F34231011F800985D80 /* Release */,
			);
			defaultConfigurationIsVisible = 0;
			defaultConfigurationName = Release;
		};
		BA958F35231011F800985D80 /* Build configuration list for PBXNativeTarget "Weatherly" */ = {
			isa = XCConfigurationList;
			buildConfigurations = (
				BA958F36231011F800985D80 /* Debug */,
				BA958F37231011F800985D80 /* Release */,
			);
			defaultConfigurationIsVisible = 0;
			defaultConfigurationName = Release;
		};
/* End XCConfigurationList section */

/* Begin XCRemoteSwiftPackageReference section */
		BA1AEC852366068200360092 /* XCRemoteSwiftPackageReference "JGProgressHUD" */ = {
			isa = XCRemoteSwiftPackageReference;
			repositoryURL = "https://github.com/JonasGessner/JGProgressHUD.git";
			requirement = {
				kind = upToNextMajorVersion;
				minimumVersion = 2.1.0;
			};
		};
		BA6CE16723660194004BB068 /* XCRemoteSwiftPackageReference "SwiftSky" */ = {
			isa = XCRemoteSwiftPackageReference;
			repositoryURL = "https://github.com/appcompany/SwiftSky.git";
			requirement = {
				kind = upToNextMajorVersion;
				minimumVersion = 1.3.3;
			};
		};
		BA6CE16D236603D7004BB068 /* XCRemoteSwiftPackageReference "Alamofire" */ = {
			isa = XCRemoteSwiftPackageReference;
			repositoryURL = "https://github.com/Alamofire/Alamofire.git";
			requirement = {
				kind = upToNextMajorVersion;
				minimumVersion = 4.9.1;
			};
		};
/* End XCRemoteSwiftPackageReference section */

/* Begin XCSwiftPackageProductDependency section */
		BA1AEC862366068200360092 /* JGProgressHUD */ = {
			isa = XCSwiftPackageProductDependency;
			package = BA1AEC852366068200360092 /* XCRemoteSwiftPackageReference "JGProgressHUD" */;
			productName = JGProgressHUD;
		};
		BA6CE16823660194004BB068 /* SwiftSky */ = {
			isa = XCSwiftPackageProductDependency;
			package = BA6CE16723660194004BB068 /* XCRemoteSwiftPackageReference "SwiftSky" */;
			productName = SwiftSky;
		};
		BA6CE16E236603D7004BB068 /* Alamofire */ = {
			isa = XCSwiftPackageProductDependency;
			package = BA6CE16D236603D7004BB068 /* XCRemoteSwiftPackageReference "Alamofire" */;
			productName = Alamofire;
		};
/* End XCSwiftPackageProductDependency section */

/* Begin XCVersionGroup section */
		BA28D1F02326769D00481DC5 /* FavoritesModel.xcdatamodeld */ = {
			isa = XCVersionGroup;
			children = (
				BA28D1F12326769D00481DC5 /* FavoritesModel.xcdatamodel */,
			);
			currentVersion = BA28D1F12326769D00481DC5 /* FavoritesModel.xcdatamodel */;
			path = FavoritesModel.xcdatamodeld;
			sourceTree = "<group>";
			versionGroupType = wrapper.xcdatamodel;
		};
/* End XCVersionGroup section */
	};
	rootObject = BA958F1B231011F600985D80 /* Project object */;
}
